{
  "version": 4,
  "terraform_version": "0.12.17",
  "serial": 106,
  "lineage": "6d6d72ab-2f1b-d50f-9c0a-3c9228fb2755",
  "outputs": {},
  "resources": [
    {
      "module": "module.website",
      "mode": "data",
      "type": "aws_iam_policy_document",
      "name": "website_policy",
      "provider": "provider.aws",
      "instances": [
        {
          "schema_version": 0,
          "attributes": {
            "id": "808088629",
            "json": "{\n  \"Version\": \"2012-10-17\",\n  \"Statement\": [\n    {\n      \"Sid\": \"\",\n      \"Effect\": \"Allow\",\n      \"Action\": \"s3:GetObject\",\n      \"Resource\": \"arn:aws:s3:::www.hema-domain.com/*\",\n      \"Principal\": {\n        \"AWS\": \"*\"\n      }\n    }\n  ]\n}",
            "override_json": null,
            "policy_id": null,
            "source_json": null,
            "statement": [
              {
                "actions": [
                  "s3:GetObject"
                ],
                "condition": [],
                "effect": "Allow",
                "not_actions": [],
                "not_principals": [],
                "not_resources": [],
                "principals": [
                  {
                    "identifiers": [
                      "*"
                    ],
                    "type": "AWS"
                  }
                ],
                "resources": [
                  "arn:aws:s3:::www.hema-domain.com/*"
                ],
                "sid": ""
              }
            ],
            "version": "2012-10-17"
          }
        }
      ]
    },
    {
      "module": "module.website",
      "mode": "managed",
      "type": "aws_route53_record",
      "name": "www",
      "provider": "provider.aws",
      "instances": [
        {
          "schema_version": 2,
          "attributes": {
            "alias": [
              {
                "evaluate_target_health": false,
                "name": "s3-website-us-east-1.amazonaws.com",
                "zone_id": "Z3AQBSTGFYJSTF"
              }
            ],
            "allow_overwrite": null,
            "failover_routing_policy": [],
            "fqdn": "www.hema-domain.com",
            "geolocation_routing_policy": [],
            "health_check_id": null,
            "id": "Z076328522XB967Q8XIKN_www.hema-domain.com_A",
            "latency_routing_policy": [],
            "multivalue_answer_routing_policy": null,
            "name": "www.hema-domain.com",
            "records": null,
            "set_identifier": null,
            "ttl": null,
            "type": "A",
            "weighted_routing_policy": [],
            "zone_id": "Z076328522XB967Q8XIKN"
          },
          "private": "eyJzY2hlbWFfdmVyc2lvbiI6IjIifQ==",
          "dependencies": [
            "module.website.aws_route53_zone.primary",
            "module.website.aws_s3_bucket.website_bucket"
          ]
        }
      ]
    },
    {
      "module": "module.website",
      "mode": "managed",
      "type": "aws_route53_zone",
      "name": "primary",
      "provider": "provider.aws",
      "instances": [
        {
          "schema_version": 0,
          "attributes": {
            "comment": "Managed by Terraform",
            "delegation_set_id": "",
            "force_destroy": false,
            "id": "Z076328522XB967Q8XIKN",
            "name": "www.hema-domain.com.",
            "name_servers": [
              "ns-1435.awsdns-51.org",
              "ns-1754.awsdns-27.co.uk",
              "ns-40.awsdns-05.com",
              "ns-834.awsdns-40.net"
            ],
            "tags": null,
            "vpc": [],
            "vpc_id": null,
            "vpc_region": null,
            "zone_id": "Z076328522XB967Q8XIKN"
          },
          "private": "bnVsbA=="
        }
      ]
    },
    {
      "module": "module.website",
      "mode": "managed",
      "type": "aws_s3_bucket",
      "name": "website_bucket",
      "provider": "provider.aws",
      "instances": [
        {
          "schema_version": 0,
          "attributes": {
            "acceleration_status": "",
            "acl": "public-read",
            "arn": "arn:aws:s3:::www.hema-domain.com",
            "bucket": "www.hema-domain.com",
            "bucket_domain_name": "www.hema-domain.com.s3.amazonaws.com",
            "bucket_prefix": null,
            "bucket_regional_domain_name": "www.hema-domain.com.s3.amazonaws.com",
            "cors_rule": [],
            "force_destroy": false,
            "grant": [],
            "hosted_zone_id": "Z3AQBSTGFYJSTF",
            "id": "www.hema-domain.com",
            "lifecycle_rule": [],
            "logging": [],
            "object_lock_configuration": [],
            "policy": "{\"Statement\":[{\"Action\":\"s3:GetObject\",\"Effect\":\"Allow\",\"Principal\":{\"AWS\":\"*\"},\"Resource\":\"arn:aws:s3:::www.hema-domain.com/*\",\"Sid\":\"\"}],\"Version\":\"2012-10-17\"}",
            "region": "us-east-1",
            "replication_configuration": [],
            "request_payer": "BucketOwner",
            "server_side_encryption_configuration": [],
            "tags": null,
            "versioning": [
              {
                "enabled": false,
                "mfa_delete": false
              }
            ],
            "website": [
              {
                "error_document": "",
                "index_document": "index.html",
                "redirect_all_requests_to": "",
                "routing_rules": ""
              }
            ],
            "website_domain": "s3-website-us-east-1.amazonaws.com",
            "website_endpoint": "www.hema-domain.com.s3-website-us-east-1.amazonaws.com"
          },
          "private": "bnVsbA=="
        }
      ]
    }
  ]
}
