{
  "version": 4,
  "terraform_version": "0.12.17",
  "serial": 21,
  "lineage": "7e413338-ed04-45c2-d80e-59624f0a3fee",
  "outputs": {},
  "resources": [
    {
      "mode": "managed",
      "type": "aws_internet_gateway",
      "name": "myvpc-igw",
      "provider": "provider.aws",
      "instances": [
        {
          "schema_version": 0,
          "attributes": {
            "arn": "arn:aws:ec2:us-east-1:242451082977:internet-gateway/igw-0592863e9585696a4",
            "id": "igw-0592863e9585696a4",
            "owner_id": "242451082977",
            "tags": {
              "Name": "MY-VPC"
            },
            "vpc_id": "vpc-04479a22e15ee4f1c"
          },
          "private": "bnVsbA==",
          "dependencies": [
            "aws_vpc.MY-VPC"
          ]
        }
      ]
    },
    {
      "mode": "managed",
      "type": "aws_route_table",
      "name": "myvpc-public",
      "provider": "provider.aws",
      "instances": [
        {
          "schema_version": 0,
          "attributes": {
            "arn": "arn:aws:ec2:us-east-1:242451082977:route-table/rtb-07e0dcadd6bdcf15f",
            "id": "rtb-07e0dcadd6bdcf15f",
            "owner_id": "242451082977",
            "propagating_vgws": [],
            "route": [
              {
                "carrier_gateway_id": "",
                "cidr_block": "0.0.0.0/0",
                "destination_prefix_list_id": "",
                "egress_only_gateway_id": "",
                "gateway_id": "igw-0592863e9585696a4",
                "instance_id": "",
                "ipv6_cidr_block": "",
                "local_gateway_id": "",
                "nat_gateway_id": "",
                "network_interface_id": "",
                "transit_gateway_id": "",
                "vpc_endpoint_id": "",
                "vpc_peering_connection_id": ""
              }
            ],
            "tags": {
              "Name": "myvpc-public-subnet"
            },
            "vpc_id": "vpc-04479a22e15ee4f1c"
          },
          "private": "bnVsbA==",
          "dependencies": [
            "aws_internet_gateway.myvpc-igw",
            "aws_vpc.MY-VPC"
          ]
        }
      ]
    },
    {
      "mode": "managed",
      "type": "aws_route_table_association",
      "name": "myvpc-public-subnet-a",
      "provider": "provider.aws",
      "instances": [
        {
          "schema_version": 0,
          "attributes": {
            "gateway_id": null,
            "id": "rtbassoc-00a236f56ce1d89b2",
            "route_table_id": "rtb-07e0dcadd6bdcf15f",
            "subnet_id": "subnet-0cf3965e1bac93b3e"
          },
          "private": "bnVsbA==",
          "dependencies": [
            "aws_internet_gateway.myvpc-igw",
            "aws_route_table.myvpc-public",
            "aws_subnet.myvpc-public-subnet",
            "aws_vpc.MY-VPC"
          ]
        }
      ]
    },
    {
      "mode": "managed",
      "type": "aws_subnet",
      "name": "myvpc-private-subnet",
      "provider": "provider.aws",
      "instances": [
        {
          "schema_version": 1,
          "attributes": {
            "arn": "arn:aws:ec2:us-east-1:242451082977:subnet/subnet-0dd4729f091d350ac",
            "assign_ipv6_address_on_creation": false,
            "availability_zone": "us-east-1a",
            "availability_zone_id": "use1-az4",
            "cidr_block": "10.0.4.0/24",
            "customer_owned_ipv4_pool": "",
            "id": "subnet-0dd4729f091d350ac",
            "ipv6_cidr_block": "",
            "ipv6_cidr_block_association_id": "",
            "map_customer_owned_ip_on_launch": false,
            "map_public_ip_on_launch": false,
            "outpost_arn": "",
            "owner_id": "242451082977",
            "tags": {
              "Name": "myvpc-private-subnet"
            },
            "tags_all": {
              "Name": "myvpc-private-subnet"
            },
            "timeouts": null,
            "vpc_id": "vpc-04479a22e15ee4f1c"
          },
          "private": "eyJlMmJmYjczMC1lY2FhLTExZTYtOGY4OC0zNDM2M2JjN2M0YzAiOnsiY3JlYXRlIjo2MDAwMDAwMDAwMDAsImRlbGV0ZSI6MTIwMDAwMDAwMDAwMH0sInNjaGVtYV92ZXJzaW9uIjoiMSJ9",
          "dependencies": [
            "aws_vpc.MY-VPC"
          ]
        }
      ]
    },
    {
      "mode": "managed",
      "type": "aws_subnet",
      "name": "myvpc-public-subnet",
      "provider": "provider.aws",
      "instances": [
        {
          "schema_version": 1,
          "attributes": {
            "arn": "arn:aws:ec2:us-east-1:242451082977:subnet/subnet-0cf3965e1bac93b3e",
            "assign_ipv6_address_on_creation": false,
            "availability_zone": "us-east-1a",
            "availability_zone_id": "use1-az4",
            "cidr_block": "10.0.1.0/24",
            "customer_owned_ipv4_pool": "",
            "id": "subnet-0cf3965e1bac93b3e",
            "ipv6_cidr_block": "",
            "ipv6_cidr_block_association_id": "",
            "map_customer_owned_ip_on_launch": false,
            "map_public_ip_on_launch": true,
            "outpost_arn": "",
            "owner_id": "242451082977",
            "tags": {
              "Name": "myvpc-public-subnet"
            },
            "tags_all": {
              "Name": "myvpc-public-subnet"
            },
            "timeouts": null,
            "vpc_id": "vpc-04479a22e15ee4f1c"
          },
          "private": "eyJlMmJmYjczMC1lY2FhLTExZTYtOGY4OC0zNDM2M2JjN2M0YzAiOnsiY3JlYXRlIjo2MDAwMDAwMDAwMDAsImRlbGV0ZSI6MTIwMDAwMDAwMDAwMH0sInNjaGVtYV92ZXJzaW9uIjoiMSJ9",
          "dependencies": [
            "aws_vpc.MY-VPC"
          ]
        }
      ]
    },
    {
      "mode": "managed",
      "type": "aws_vpc",
      "name": "MY-VPC",
      "provider": "provider.aws",
      "instances": [
        {
          "schema_version": 1,
          "attributes": {
            "arn": "arn:aws:ec2:us-east-1:242451082977:vpc/vpc-04479a22e15ee4f1c",
            "assign_generated_ipv6_cidr_block": false,
            "cidr_block": "10.0.0.0/16",
            "default_network_acl_id": "acl-0f614b5a0850d4aee",
            "default_route_table_id": "rtb-0a960fa12b1918790",
            "default_security_group_id": "sg-0daebabda7d9f8207",
            "dhcp_options_id": "dopt-06fb7bb364025fa87",
            "enable_classiclink": false,
            "enable_classiclink_dns_support": false,
            "enable_dns_hostnames": true,
            "enable_dns_support": true,
            "id": "vpc-04479a22e15ee4f1c",
            "instance_tenancy": "default",
            "ipv6_association_id": "",
            "ipv6_cidr_block": "",
            "main_route_table_id": "rtb-0a960fa12b1918790",
            "owner_id": "242451082977",
            "tags": {
              "Name": "MY-VPC1"
            },
            "tags_all": {
              "Name": "MY-VPC1"
            }
          },
          "private": "eyJzY2hlbWFfdmVyc2lvbiI6IjEifQ=="
        }
      ]
    }
  ]
}
